
Microsoft Visual Studio Solution File, Format Version 12.00
# Visual Studio Version 16
VisualStudioVersion = 16.0.31112.23
MinimumVisualStudioVersion = 10.0.40219.1
Project("{FAE04EC0-301F-11D3-BF4B-00C04F79EFBC}") = "BethanysPieShop", "BethanysPieShop.csproj", "{38C08F53-C4B6-4AD2-BE00-0C3FDC2C76C0}"
EndProject
Global
	GlobalSection(SolutionConfigurationPlatforms) = preSolution
		Debug|Any CPU = Debug|Any CPU
		Release|Any CPU = Release|Any CPU
	EndGlobalSection
	GlobalSection(ProjectConfigurationPlatforms) = postSolution
		{38C08F53-C4B6-4AD2-BE00-0C3FDC2C76C0}.Debug|Any CPU.ActiveCfg = Debug|Any CPU
		{38C08F53-C4B6-4AD2-BE00-0C3FDC2C76C0}.Debug|Any CPU.Build.0 = Debug|Any CPU
		{38C08F53-C4B6-4AD2-BE00-0C3FDC2C76C0}.Release|Any CPU.ActiveCfg = Release|Any CPU
		{38C08F53-C4B6-4AD2-BE00-0C3FDC2C76C0}.Release|Any CPU.Build.0 = Release|Any CPU
	EndGlobalSection
	GlobalSection(SolutionProperties) = preSolution
		HideSolutionNode = FALSE
	EndGlobalSection
	GlobalSection(ExtensibilityGlobals) = postSolution
		SolutionGuid = {92A8BBE0-CF11-4838-8B87-D6CF516C2E5F}
	EndGlobalSection
EndGlobal
